{
  "lockfileVersion": 1,
  "workspaces": {
    "": {
      "dependencies": {
        "@polkadot/keyring": "^13.5.1",
      },
    },
  },
  "packages": {
    "@noble/curves": ["@noble/curves@1.9.2", "", { "dependencies": { "@noble/hashes": "1.8.0" } }, "sha512-HxngEd2XUcg9xi20JkwlLCtYwfoFw4JGkuZpT+WlsPD4gB/cxkvTD8fSsoAnphGZhFdZYKeQIPCuFlWPm1uE0g=="],

    "@noble/hashes": ["@noble/hashes@1.8.0", "", {}, "sha512-jCs9ldd7NwzpgXDIf6P3+NrHh9/sD6CQdxHyjQI+h/6rDNo88ypBxxz45UDuZHz9r3tNz7N/VInSVoVdtXEI4A=="],

    "@polkadot/keyring": ["@polkadot/keyring@13.5.1", "", { "dependencies": { "@polkadot/util": "13.5.1", "@polkadot/util-crypto": "13.5.1", "tslib": "^2.8.0" } }, "sha512-dEl679aoMv9gOzWJA13Jb2HUGqRi6/zKjEtg+qbiEryCSjUqfNKyO8liuwMFy0VP3qxJb1FkxNe6MnG1NwbU5Q=="],

    "@polkadot/networks": ["@polkadot/networks@13.5.1", "", { "dependencies": { "@polkadot/util": "13.5.1", "@substrate/ss58-registry": "^1.51.0", "tslib": "^2.8.0" } }, "sha512-w5HS209pHZhqJ7AVqJqFApO4OcwlxjfQ7mp2dE/vL5qA5RnsEx/3fBYJ6h3z/k5Ggac0+Zl1vMZAF1gW8S/F9A=="],

    "@polkadot/util": ["@polkadot/util@13.5.1", "", { "dependencies": { "@polkadot/x-bigint": "13.5.1", "@polkadot/x-global": "13.5.1", "@polkadot/x-textdecoder": "13.5.1", "@polkadot/x-textencoder": "13.5.1", "@types/bn.js": "^5.1.6", "bn.js": "^5.2.1", "tslib": "^2.8.0" } }, "sha512-Anu4fsmMconvU+WXGFESNQp4qFjbvZnS4zD4I54W5gW70klrmrdfP2jGYhejVkm0Pf43RREN63G7Rew8+sXUmw=="],

    "@polkadot/util-crypto": ["@polkadot/util-crypto@13.5.1", "", { "dependencies": { "@noble/curves": "^1.3.0", "@noble/hashes": "^1.3.3", "@polkadot/networks": "13.5.1", "@polkadot/util": "13.5.1", "@polkadot/wasm-crypto": "^7.4.1", "@polkadot/wasm-util": "^7.4.1", "@polkadot/x-bigint": "13.5.1", "@polkadot/x-randomvalues": "13.5.1", "@scure/base": "^1.1.7", "tslib": "^2.8.0" } }, "sha512-HIuTRpkulIzmgCU+GIXbEEkVbikvrK+5v8XZ7Ll45m1dLsxnrJeEbNsCLUwI/+D9Jd0iF3+T12GybuetlXeu+A=="],

    "@polkadot/wasm-bridge": ["@polkadot/wasm-bridge@7.4.1", "", { "dependencies": { "@polkadot/wasm-util": "7.4.1", "tslib": "^2.7.0" }, "peerDependencies": { "@polkadot/util": "*", "@polkadot/x-randomvalues": "*" } }, "sha512-tdkJaV453tezBxhF39r4oeG0A39sPKGDJmN81LYLf+Fihb7astzwju+u75BRmDrHZjZIv00un3razJEWCxze6g=="],

    "@polkadot/wasm-crypto": ["@polkadot/wasm-crypto@7.4.1", "", { "dependencies": { "@polkadot/wasm-bridge": "7.4.1", "@polkadot/wasm-crypto-asmjs": "7.4.1", "@polkadot/wasm-crypto-init": "7.4.1", "@polkadot/wasm-crypto-wasm": "7.4.1", "@polkadot/wasm-util": "7.4.1", "tslib": "^2.7.0" }, "peerDependencies": { "@polkadot/util": "*", "@polkadot/x-randomvalues": "*" } }, "sha512-kHN/kF7hYxm1y0WeFLWeWir6oTzvcFmR4N8fJJokR+ajYbdmrafPN+6iLgQVbhZnDdxyv9jWDuRRsDnBx8tPMQ=="],

    "@polkadot/wasm-crypto-asmjs": ["@polkadot/wasm-crypto-asmjs@7.4.1", "", { "dependencies": { "tslib": "^2.7.0" }, "peerDependencies": { "@polkadot/util": "*" } }, "sha512-pwU8QXhUW7IberyHJIQr37IhbB6DPkCG5FhozCiNTq4vFBsFPjm9q8aZh7oX1QHQaiAZa2m2/VjIVE+FHGbvHQ=="],

    "@polkadot/wasm-crypto-init": ["@polkadot/wasm-crypto-init@7.4.1", "", { "dependencies": { "@polkadot/wasm-bridge": "7.4.1", "@polkadot/wasm-crypto-asmjs": "7.4.1", "@polkadot/wasm-crypto-wasm": "7.4.1", "@polkadot/wasm-util": "7.4.1", "tslib": "^2.7.0" }, "peerDependencies": { "@polkadot/util": "*", "@polkadot/x-randomvalues": "*" } }, "sha512-AVka33+f7MvXEEIGq5U0dhaA2SaXMXnxVCQyhJTaCnJ5bRDj0Xlm3ijwDEQUiaDql7EikbkkRtmlvs95eSUWYQ=="],

    "@polkadot/wasm-crypto-wasm": ["@polkadot/wasm-crypto-wasm@7.4.1", "", { "dependencies": { "@polkadot/wasm-util": "7.4.1", "tslib": "^2.7.0" }, "peerDependencies": { "@polkadot/util": "*" } }, "sha512-PE1OAoupFR0ZOV2O8tr7D1FEUAwaggzxtfs3Aa5gr+yxlSOaWUKeqsOYe1KdrcjmZVV3iINEAXxgrbzCmiuONg=="],

    "@polkadot/wasm-util": ["@polkadot/wasm-util@7.4.1", "", { "dependencies": { "tslib": "^2.7.0" }, "peerDependencies": { "@polkadot/util": "*" } }, "sha512-RAcxNFf3zzpkr+LX/ItAsvj+QyM56TomJ0xjUMo4wKkHjwsxkz4dWJtx5knIgQz/OthqSDMR59VNEycQeNuXzA=="],

    "@polkadot/x-bigint": ["@polkadot/x-bigint@13.5.1", "", { "dependencies": { "@polkadot/x-global": "13.5.1", "tslib": "^2.8.0" } }, "sha512-5GiYznWm/GdCe9nQwL/EEVLXFqK2JZqcNnWC/r196lRujqKd24r90WPHYw18d9fsii/8J4DOKc8cCRfxjMBdCw=="],

    "@polkadot/x-global": ["@polkadot/x-global@13.5.1", "", { "dependencies": { "tslib": "^2.8.0" } }, "sha512-8A9dvyGmXtQf8jCqGSxa4R8JLh43K8T1//ht7UU6Bsv7we2svdQ+O1FXblwAnAHCcboYeyYqzrTwnRnQlyrdWQ=="],

    "@polkadot/x-randomvalues": ["@polkadot/x-randomvalues@13.5.1", "", { "dependencies": { "@polkadot/x-global": "13.5.1", "tslib": "^2.8.0" }, "peerDependencies": { "@polkadot/util": "13.5.1", "@polkadot/wasm-util": "*" } }, "sha512-FT/A8EWIBNACWfxo+fDzRrkmK8TQxgaZjtr5E+/i8MYqscHFqiX9PmbMuoGC1T4w+piihHU1JD8rLTip2K8NIw=="],

    "@polkadot/x-textdecoder": ["@polkadot/x-textdecoder@13.5.1", "", { "dependencies": { "@polkadot/x-global": "13.5.1", "tslib": "^2.8.0" } }, "sha512-iInpeywdQDusB3fz7F+La74UQoTXC8F4CsmZYEoQeZekb6CoAgtLkQZhw7ckV5+MmscLeOvZCI1wYBRqCd+qqw=="],

    "@polkadot/x-textencoder": ["@polkadot/x-textencoder@13.5.1", "", { "dependencies": { "@polkadot/x-global": "13.5.1", "tslib": "^2.8.0" } }, "sha512-2QS22Eqrsjo7BCMHnL0EGheflDXSW0xpI+Zi0ULvci4uzHK4ZUgfFtEzEFg1kbKZ8ShvRpkQbGzp8nJqwijjgQ=="],

    "@scure/base": ["@scure/base@1.2.6", "", {}, "sha512-g/nm5FgUa//MCj1gV09zTJTaM6KBAHqLN907YVQqf7zC49+DcO4B1so4ZX07Ef10Twr6nuqYEH9GEggFXA4Fmg=="],

    "@substrate/ss58-registry": ["@substrate/ss58-registry@1.51.0", "", {}, "sha512-TWDurLiPxndFgKjVavCniytBIw+t4ViOi7TYp9h/D0NMmkEc9klFTo+827eyEJ0lELpqO207Ey7uGxUa+BS1jQ=="],

    "@types/bn.js": ["@types/bn.js@5.2.0", "", { "dependencies": { "@types/node": "*" } }, "sha512-DLbJ1BPqxvQhIGbeu8VbUC1DiAiahHtAYvA0ZEAa4P31F7IaArc8z3C3BRQdWX4mtLQuABG4yzp76ZrS02Ui1Q=="],

    "@types/node": ["@types/node@24.0.1", "", { "dependencies": { "undici-types": "~7.8.0" } }, "sha512-MX4Zioh39chHlDJbKmEgydJDS3tspMP/lnQC67G3SWsTnb9NeYVWOjkxpOSy4oMfPs4StcWHwBrvUb4ybfnuaw=="],

    "bn.js": ["bn.js@5.2.2", "", {}, "sha512-v2YAxEmKaBLahNwE1mjp4WON6huMNeuDvagFZW+ASCuA/ku0bXR9hSMw0XpiqMoA3+rmnyck/tPRSFQkoC9Cuw=="],

    "tslib": ["tslib@2.8.1", "", {}, "sha512-oJFu94HQb+KVduSUQL7wnpmqnfmLsOA/nAh6b6EH0wCEoK0/mPeXU6c3wKDV83MkOuHPRHtSXKKU99IBazS/2w=="],

    "undici-types": ["undici-types@7.8.0", "", {}, "sha512-9UJ2xGDvQ43tYyVMpuHlsgApydB8ZKfVYTsLDhXkFL/6gfkp+U8xTGdh8pMJv1SpZna0zxG1DwsKZsreLbXBxw=="],
  }
}
